PODS:
  - AFNetworking (1.3.1)
  - Guardpost-ObjectiveC (0.0.1):
    - AFNetworking (~> 1.3.1)

DEPENDENCIES:
  - Guardpost-ObjectiveC (from `../../`)

EXTERNAL SOURCES:
  Guardpost-ObjectiveC:
    :path: ../../

SPEC CHECKSUMS:
  AFNetworking: 9ec8aafb9269236a7630bd8d9838ce2ba30fa2a0
  Guardpost-ObjectiveC: f0a36cbd0c0b1f27ea2b4704eea0f2454f48c695

COCOAPODS: 0.22.3
