// !$*UTF8*$!
{
	archiveVersion = 1;
	classes = {
	};
	objectVersion = 46;
	objects = {

/* Begin PBXBuildFile section */
		22206DF517A43CE5005BAF22 /* UIKit.framework in Frameworks */ = {isa = PBXBuildFile; fileRef = 22206DF417A43CE5005BAF22 /* UIKit.framework */; };
		22206DF717A43CE5005BAF22 /* Foundation.framework in Frameworks */ = {isa = PBXBuildFile; fileRef = 22206DF617A43CE5005BAF22 /* Foundation.framework */; };
		22206DF917A43CE5005BAF22 /* CoreGraphics.framework in Frameworks */ = {isa = PBXBuildFile; fileRef = 22206DF817A43CE5005BAF22 /* CoreGraphics.framework */; };
		22206DFF17A43CE5005BAF22 /* InfoPlist.strings in Resources */ = {isa = PBXBuildFile; fileRef = 22206DFD17A43CE5005BAF22 /* InfoPlist.strings */; };
		22206E0117A43CE5005BAF22 /* main.m in Sources */ = {isa = PBXBuildFile; fileRef = 22206E0017A43CE5005BAF22 /* main.m */; };
		22206E0517A43CE5005BAF22 /* GPAppDelegate.m in Sources */ = {isa = PBXBuildFile; fileRef = 22206E0417A43CE5005BAF22 /* GPAppDelegate.m */; };
		22206E0717A43CE5005BAF22 /* Default.png in Resources */ = {isa = PBXBuildFile; fileRef = 22206E0617A43CE5005BAF22 /* Default.png */; };
		22206E0917A43CE5005BAF22 /* Default@2x.png in Resources */ = {isa = PBXBuildFile; fileRef = 22206E0817A43CE5005BAF22 /* Default@2x.png */; };
		22206E0B17A43CE5005BAF22 /* Default-568h@2x.png in Resources */ = {isa = PBXBuildFile; fileRef = 22206E0A17A43CE5005BAF22 /* Default-568h@2x.png */; };
		22206E1317A43CE5005BAF22 /* SenTestingKit.framework in Frameworks */ = {isa = PBXBuildFile; fileRef = 22206E1217A43CE5005BAF22 /* SenTestingKit.framework */; };
		22206E1417A43CE5005BAF22 /* UIKit.framework in Frameworks */ = {isa = PBXBuildFile; fileRef = 22206DF417A43CE5005BAF22 /* UIKit.framework */; };
		22206E1517A43CE5005BAF22 /* Foundation.framework in Frameworks */ = {isa = PBXBuildFile; fileRef = 22206DF617A43CE5005BAF22 /* Foundation.framework */; };
		22206E1D17A43CE5005BAF22 /* InfoPlist.strings in Resources */ = {isa = PBXBuildFile; fileRef = 22206E1B17A43CE5005BAF22 /* InfoPlist.strings */; };
		22206E2017A43CE5005BAF22 /* GuardPost_ObjectiveCTests.m in Sources */ = {isa = PBXBuildFile; fileRef = 22206E1F17A43CE5005BAF22 /* GuardPost_ObjectiveCTests.m */; };
		229DB7DE17A4509C00A3E688 /* GPGuardPost.m in Sources */ = {isa = PBXBuildFile; fileRef = 229DB7DD17A4509C00A3E688 /* GPGuardPost.m */; };
		229DB7E117A4623000A3E688 /* GPMailgunClient.m in Sources */ = {isa = PBXBuildFile; fileRef = 229DB7E017A4623000A3E688 /* GPMailgunClient.m */; };
		229DB7E417A47B9600A3E688 /* GPGuardPost+Testing.m in Sources */ = {isa = PBXBuildFile; fileRef = 229DB7E317A47B9600A3E688 /* GPGuardPost+Testing.m */; };
		229DB7E717A47BF200A3E688 /* GPMailgunClient+Testing.m in Sources */ = {isa = PBXBuildFile; fileRef = 229DB7E617A47BF200A3E688 /* GPMailgunClient+Testing.m */; };
		AF341DD830294179AD62B07A /* libPods-GuardPost-ObjectiveCTests.a in Frameworks */ = {isa = PBXBuildFile; fileRef = 6B8E37D82E4742179733410F /* libPods-GuardPost-ObjectiveCTests.a */; };
		BBDAE3106DCA436BA9DB9461 /* libPods.a in Frameworks */ = {isa = PBXBuildFile; fileRef = A89B8DF6BC4D4667920CD5FE /* libPods.a */; };
/* End PBXBuildFile section */

/* Begin PBXContainerItemProxy section */
		22206E1617A43CE5005BAF22 /* PBXContainerItemProxy */ = {
			isa = PBXContainerItemProxy;
			containerPortal = 22206DE917A43CE5005BAF22 /* Project object */;
			proxyType = 1;
			remoteGlobalIDString = 22206DF017A43CE5005BAF22;
			remoteInfo = "GuardPost-ObjectiveC";
		};
/* End PBXContainerItemProxy section */

/* Begin PBXFileReference section */
		22206DF117A43CE5005BAF22 /* GuardPost-ObjectiveC.app */ = {isa = PBXFileReference; explicitFileType = wrapper.application; includeInIndex = 0; path = "GuardPost-ObjectiveC.app"; sourceTree = BUILT_PRODUCTS_DIR; };
		22206DF417A43CE5005BAF22 /* UIKit.framework */ = {isa = PBXFileReference; lastKnownFileType = wrapper.framework; name = UIKit.framework; path = System/Library/Frameworks/UIKit.framework; sourceTree = SDKROOT; };
		22206DF617A43CE5005BAF22 /* Foundation.framework */ = {isa = PBXFileReference; lastKnownFileType = wrapper.framework; name = Foundation.framework; path = System/Library/Frameworks/Foundation.framework; sourceTree = SDKROOT; };
		22206DF817A43CE5005BAF22 /* CoreGraphics.framework */ = {isa = PBXFileReference; lastKnownFileType = wrapper.framework; name = CoreGraphics.framework; path = System/Library/Frameworks/CoreGraphics.framework; sourceTree = SDKROOT; };
		22206DFC17A43CE5005BAF22 /* GuardPost-ObjectiveC-Info.plist */ = {isa = PBXFileReference; lastKnownFileType = text.plist.xml; path = "GuardPost-ObjectiveC-Info.plist"; sourceTree = "<group>"; };
		22206DFE17A43CE5005BAF22 /* en */ = {isa = PBXFileReference; lastKnownFileType = text.plist.strings; name = en; path = en.lproj/InfoPlist.strings; sourceTree = "<group>"; };
		22206E0017A43CE5005BAF22 /* main.m */ = {isa = PBXFileReference; lastKnownFileType = sourcecode.c.objc; path = main.m; sourceTree = "<group>"; };
		22206E0217A43CE5005BAF22 /* GuardPost-ObjectiveC-Prefix.pch */ = {isa = PBXFileReference; lastKnownFileType = sourcecode.c.h; path = "GuardPost-ObjectiveC-Prefix.pch"; sourceTree = "<group>"; };
		22206E0317A43CE5005BAF22 /* GPAppDelegate.h */ = {isa = PBXFileReference; lastKnownFileType = sourcecode.c.h; path = GPAppDelegate.h; sourceTree = "<group>"; };
		22206E0417A43CE5005BAF22 /* GPAppDelegate.m */ = {isa = PBXFileReference; lastKnownFileType = sourcecode.c.objc; path = GPAppDelegate.m; sourceTree = "<group>"; };
		22206E0617A43CE5005BAF22 /* Default.png */ = {isa = PBXFileReference; lastKnownFileType = image.png; path = Default.png; sourceTree = "<group>"; };
		22206E0817A43CE5005BAF22 /* Default@2x.png */ = {isa = PBXFileReference; lastKnownFileType = image.png; path = "Default@2x.png"; sourceTree = "<group>"; };
		22206E0A17A43CE5005BAF22 /* Default-568h@2x.png */ = {isa = PBXFileReference; lastKnownFileType = image.png; path = "Default-568h@2x.png"; sourceTree = "<group>"; };
		22206E1117A43CE5005BAF22 /* GuardPost-ObjectiveCTests.octest */ = {isa = PBXFileReference; explicitFileType = wrapper.cfbundle; includeInIndex = 0; path = "GuardPost-ObjectiveCTests.octest"; sourceTree = BUILT_PRODUCTS_DIR; };
		22206E1217A43CE5005BAF22 /* SenTestingKit.framework */ = {isa = PBXFileReference; lastKnownFileType = wrapper.framework; name = SenTestingKit.framework; path = Library/Frameworks/SenTestingKit.framework; sourceTree = DEVELOPER_DIR; };
		22206E1A17A43CE5005BAF22 /* GuardPost-ObjectiveCTests-Info.plist */ = {isa = PBXFileReference; lastKnownFileType = text.plist.xml; path = "GuardPost-ObjectiveCTests-Info.plist"; sourceTree = "<group>"; };
		22206E1C17A43CE5005BAF22 /* en */ = {isa = PBXFileReference; lastKnownFileType = text.plist.strings; name = en; path = en.lproj/InfoPlist.strings; sourceTree = "<group>"; };
		22206E1E17A43CE5005BAF22 /* GuardPost_ObjectiveCTests.h */ = {isa = PBXFileReference; lastKnownFileType = sourcecode.c.h; path = GuardPost_ObjectiveCTests.h; sourceTree = "<group>"; };
		22206E1F17A43CE5005BAF22 /* GuardPost_ObjectiveCTests.m */ = {isa = PBXFileReference; lastKnownFileType = sourcecode.c.objc; path = GuardPost_ObjectiveCTests.m; sourceTree = "<group>"; };
		229DB7DC17A4509C00A3E688 /* GPGuardPost.h */ = {isa = PBXFileReference; fileEncoding = 4; lastKnownFileType = sourcecode.c.h; path = GPGuardPost.h; sourceTree = "<group>"; };
		229DB7DD17A4509C00A3E688 /* GPGuardPost.m */ = {isa = PBXFileReference; fileEncoding = 4; lastKnownFileType = sourcecode.c.objc; path = GPGuardPost.m; sourceTree = "<group>"; };
		229DB7DF17A4623000A3E688 /* GPMailgunClient.h */ = {isa = PBXFileReference; fileEncoding = 4; lastKnownFileType = sourcecode.c.h; path = GPMailgunClient.h; sourceTree = "<group>"; };
		229DB7E017A4623000A3E688 /* GPMailgunClient.m */ = {isa = PBXFileReference; fileEncoding = 4; lastKnownFileType = sourcecode.c.objc; path = GPMailgunClient.m; sourceTree = "<group>"; };
		229DB7E217A47B9600A3E688 /* GPGuardPost+Testing.h */ = {isa = PBXFileReference; fileEncoding = 4; lastKnownFileType = sourcecode.c.h; path = "GPGuardPost+Testing.h"; sourceTree = "<group>"; };
		229DB7E317A47B9600A3E688 /* GPGuardPost+Testing.m */ = {isa = PBXFileReference; fileEncoding = 4; lastKnownFileType = sourcecode.c.objc; path = "GPGuardPost+Testing.m"; sourceTree = "<group>"; };
		229DB7E517A47BF200A3E688 /* GPMailgunClient+Testing.h */ = {isa = PBXFileReference; fileEncoding = 4; lastKnownFileType = sourcecode.c.h; path = "GPMailgunClient+Testing.h"; sourceTree = "<group>"; };
		229DB7E617A47BF200A3E688 /* GPMailgunClient+Testing.m */ = {isa = PBXFileReference; fileEncoding = 4; lastKnownFileType = sourcecode.c.objc; path = "GPMailgunClient+Testing.m"; sourceTree = "<group>"; };
		2407B3D6F8AB48C0B6E84D97 /* Pods.xcconfig */ = {isa = PBXFileReference; includeInIndex = 1; lastKnownFileType = text.xcconfig; name = Pods.xcconfig; path = Pods/Pods.xcconfig; sourceTree = SOURCE_ROOT; };
		508F5B2C965D409A92ACCDF8 /* Pods-GuardPost-ObjectiveCTests.xcconfig */ = {isa = PBXFileReference; includeInIndex = 1; lastKnownFileType = text.xcconfig; name = "Pods-GuardPost-ObjectiveCTests.xcconfig"; path = "Pods/Pods-GuardPost-ObjectiveCTests.xcconfig"; sourceTree = SOURCE_ROOT; };
		6B8E37D82E4742179733410F /* libPods-GuardPost-ObjectiveCTests.a */ = {isa = PBXFileReference; explicitFileType = archive.ar; includeInIndex = 0; path = "libPods-GuardPost-ObjectiveCTests.a"; sourceTree = BUILT_PRODUCTS_DIR; };
		A89B8DF6BC4D4667920CD5FE /* libPods.a */ = {isa = PBXFileReference; explicitFileType = archive.ar; includeInIndex = 0; path = libPods.a; sourceTree = BUILT_PRODUCTS_DIR; };
/* End PBXFileReference section */

/* Begin PBXFrameworksBuildPhase section */
		22206DEE17A43CE5005BAF22 /* Frameworks */ = {
			isa = PBXFrameworksBuildPhase;
			buildActionMask = 2147483647;
			files = (
				22206DF517A43CE5005BAF22 /* UIKit.framework in Frameworks */,
				22206DF717A43CE5005BAF22 /* Foundation.framework in Frameworks */,
				22206DF917A43CE5005BAF22 /* CoreGraphics.framework in Frameworks */,
				BBDAE3106DCA436BA9DB9461 /* libPods.a in Frameworks */,
			);
			runOnlyForDeploymentPostprocessing = 0;
		};
		22206E0D17A43CE5005BAF22 /* Frameworks */ = {
			isa = PBXFrameworksBuildPhase;
			buildActionMask = 2147483647;
			files = (
				22206E1317A43CE5005BAF22 /* SenTestingKit.framework in Frameworks */,
				22206E1417A43CE5005BAF22 /* UIKit.framework in Frameworks */,
				22206E1517A43CE5005BAF22 /* Foundation.framework in Frameworks */,
				AF341DD830294179AD62B07A /* libPods-GuardPost-ObjectiveCTests.a in Frameworks */,
			);
			runOnlyForDeploymentPostprocessing = 0;
		};
/* End PBXFrameworksBuildPhase section */

/* Begin PBXGroup section */
		22206DE817A43CE5005BAF22 = {
			isa = PBXGroup;
			children = (
				22206DFA17A43CE5005BAF22 /* GuardPost-ObjectiveC */,
				22206E1817A43CE5005BAF22 /* GuardPost-ObjectiveCTests */,
				22206DF317A43CE5005BAF22 /* Frameworks */,
				22206DF217A43CE5005BAF22 /* Products */,
				2407B3D6F8AB48C0B6E84D97 /* Pods.xcconfig */,
				508F5B2C965D409A92ACCDF8 /* Pods-GuardPost-ObjectiveCTests.xcconfig */,
			);
			sourceTree = "<group>";
		};
		22206DF217A43CE5005BAF22 /* Products */ = {
			isa = PBXGroup;
			children = (
				22206DF117A43CE5005BAF22 /* GuardPost-ObjectiveC.app */,
				22206E1117A43CE5005BAF22 /* GuardPost-ObjectiveCTests.octest */,
			);
			name = Products;
			sourceTree = "<group>";
		};
		22206DF317A43CE5005BAF22 /* Frameworks */ = {
			isa = PBXGroup;
			children = (
				22206DF417A43CE5005BAF22 /* UIKit.framework */,
				22206DF617A43CE5005BAF22 /* Foundation.framework */,
				22206DF817A43CE5005BAF22 /* CoreGraphics.framework */,
				22206E1217A43CE5005BAF22 /* SenTestingKit.framework */,
				A89B8DF6BC4D4667920CD5FE /* libPods.a */,
				6B8E37D82E4742179733410F /* libPods-GuardPost-ObjectiveCTests.a */,
			);
			name = Frameworks;
			sourceTree = "<group>";
		};
		22206DFA17A43CE5005BAF22 /* GuardPost-ObjectiveC */ = {
			isa = PBXGroup;
			children = (
				22206E2917A43CEF005BAF22 /* Classes */,
				22206E0317A43CE5005BAF22 /* GPAppDelegate.h */,
				22206E0417A43CE5005BAF22 /* GPAppDelegate.m */,
				22206DFB17A43CE5005BAF22 /* Supporting Files */,
			);
			path = "GuardPost-ObjectiveC";
			sourceTree = "<group>";
		};
		22206DFB17A43CE5005BAF22 /* Supporting Files */ = {
			isa = PBXGroup;
			children = (
				22206DFC17A43CE5005BAF22 /* GuardPost-ObjectiveC-Info.plist */,
				22206DFD17A43CE5005BAF22 /* InfoPlist.strings */,
				22206E0017A43CE5005BAF22 /* main.m */,
				22206E0217A43CE5005BAF22 /* GuardPost-ObjectiveC-Prefix.pch */,
				22206E0617A43CE5005BAF22 /* Default.png */,
				22206E0817A43CE5005BAF22 /* Default@2x.png */,
				22206E0A17A43CE5005BAF22 /* Default-568h@2x.png */,
			);
			name = "Supporting Files";
			sourceTree = "<group>";
		};
		22206E1817A43CE5005BAF22 /* GuardPost-ObjectiveCTests */ = {
			isa = PBXGroup;
			children = (
				229DB7E817A4859F00A3E688 /* Testing Categories */,
				22206E1E17A43CE5005BAF22 /* GuardPost_ObjectiveCTests.h */,
				22206E1F17A43CE5005BAF22 /* GuardPost_ObjectiveCTests.m */,
				22206E1917A43CE5005BAF22 /* Supporting Files */,
			);
			path = "GuardPost-ObjectiveCTests";
			sourceTree = "<group>";
		};
		22206E1917A43CE5005BAF22 /* Supporting Files */ = {
			isa = PBXGroup;
			children = (
				22206E1A17A43CE5005BAF22 /* GuardPost-ObjectiveCTests-Info.plist */,
				22206E1B17A43CE5005BAF22 /* InfoPlist.strings */,
			);
			name = "Supporting Files";
			sourceTree = "<group>";
		};
		22206E2917A43CEF005BAF22 /* Classes */ = {
			isa = PBXGroup;
			children = (
				229DB7DC17A4509C00A3E688 /* GPGuardPost.h */,
				229DB7DD17A4509C00A3E688 /* GPGuardPost.m */,
				229DB7DF17A4623000A3E688 /* GPMailgunClient.h */,
				229DB7E017A4623000A3E688 /* GPMailgunClient.m */,
			);
			name = Classes;
			path = ../../Classes;
			sourceTree = "<group>";
		};
		229DB7E817A4859F00A3E688 /* Testing Categories */ = {
			isa = PBXGroup;
			children = (
				229DB7E217A47B9600A3E688 /* GPGuardPost+Testing.h */,
				229DB7E317A47B9600A3E688 /* GPGuardPost+Testing.m */,
				229DB7E517A47BF200A3E688 /* GPMailgunClient+Testing.h */,
				229DB7E617A47BF200A3E688 /* GPMailgunClient+Testing.m */,
			);
			name = "Testing Categories";
			sourceTree = "<group>";
		};
/* End PBXGroup section */

/* Begin PBXNativeTarget section */
		22206DF017A43CE5005BAF22 /* GuardPost-ObjectiveC */ = {
			isa = PBXNativeTarget;
			buildConfigurationList = 22206E2317A43CE5005BAF22 /* Build configuration list for PBXNativeTarget "GuardPost-ObjectiveC" */;
			buildPhases = (
				FE11AB3D187B4833A3BB8FA6 /* Check Pods Manifest.lock */,
				22206DED17A43CE5005BAF22 /* Sources */,
				22206DEE17A43CE5005BAF22 /* Frameworks */,
				22206DEF17A43CE5005BAF22 /* Resources */,
				54F5556390B244C7A30DE493 /* Copy Pods Resources */,
			);
			buildRules = (
			);
			dependencies = (
			);
			name = "GuardPost-ObjectiveC";
			productName = "GuardPost-ObjectiveC";
			productReference = 22206DF117A43CE5005BAF22 /* GuardPost-ObjectiveC.app */;
			productType = "com.apple.product-type.application";
		};
		22206E1017A43CE5005BAF22 /* GuardPost-ObjectiveCTests */ = {
			isa = PBXNativeTarget;
			buildConfigurationList = 22206E2617A43CE5005BAF22 /* Build configuration list for PBXNativeTarget "GuardPost-ObjectiveCTests" */;
			buildPhases = (
				1B0BE9B6139041019F571F43 /* Check Pods Manifest.lock */,
				22206E0C17A43CE5005BAF22 /* Sources */,
				22206E0D17A43CE5005BAF22 /* Frameworks */,
				22206E0E17A43CE5005BAF22 /* Resources */,
				22206E0F17A43CE5005BAF22 /* ShellScript */,
				D672CB4367E34E25AF334FE2 /* Copy Pods Resources */,
			);
			buildRules = (
			);
			dependencies = (
				22206E1717A43CE5005BAF22 /* PBXTargetDependency */,
			);
			name = "GuardPost-ObjectiveCTests";
			productName = "GuardPost-ObjectiveCTests";
			productReference = 22206E1117A43CE5005BAF22 /* GuardPost-ObjectiveCTests.octest */;
			productType = "com.apple.product-type.bundle";
		};
/* End PBXNativeTarget section */

/* Begin PBXProject section */
		22206DE917A43CE5005BAF22 /* Project object */ = {
			isa = PBXProject;
			attributes = {
				CLASSPREFIX = GP;
				LastUpgradeCheck = 0460;
				ORGANIZATIONNAME = sammyd;
			};
			buildConfigurationList = 22206DEC17A43CE5005BAF22 /* Build configuration list for PBXProject "GuardPost-ObjectiveC" */;
			compatibilityVersion = "Xcode 3.2";
			developmentRegion = English;
			hasScannedForEncodings = 0;
			knownRegions = (
				en,
			);
			mainGroup = 22206DE817A43CE5005BAF22;
			productRefGroup = 22206DF217A43CE5005BAF22 /* Products */;
			projectDirPath = "";
			projectRoot = "";
			targets = (
				22206DF017A43CE5005BAF22 /* GuardPost-ObjectiveC */,
				22206E1017A43CE5005BAF22 /* GuardPost-ObjectiveCTests */,
			);
		};
/* End PBXProject section */

/* Begin PBXResourcesBuildPhase section */
		22206DEF17A43CE5005BAF22 /* Resources */ = {
			isa = PBXResourcesBuildPhase;
			buildActionMask = 2147483647;
			files = (
				22206DFF17A43CE5005BAF22 /* InfoPlist.strings in Resources */,
				22206E0717A43CE5005BAF22 /* Default.png in Resources */,
				22206E0917A43CE5005BAF22 /* Default@2x.png in Resources */,
				22206E0B17A43CE5005BAF22 /* Default-568h@2x.png in Resources */,
			);
			runOnlyForDeploymentPostprocessing = 0;
		};
		22206E0E17A43CE5005BAF22 /* Resources */ = {
			isa = PBXResourcesBuildPhase;
			buildActionMask = 2147483647;
			files = (
				22206E1D17A43CE5005BAF22 /* InfoPlist.strings in Resources */,
			);
			runOnlyForDeploymentPostprocessing = 0;
		};
/* End PBXResourcesBuildPhase section */

/* Begin PBXShellScriptBuildPhase section */
		1B0BE9B6139041019F571F43 /* Check Pods Manifest.lock */ = {
			isa = PBXShellScriptBuildPhase;
			buildActionMask = 2147483647;
			files = (
			);
			inputPaths = (
			);
			name = "Check Pods Manifest.lock";
			outputPaths = (
			);
			runOnlyForDeploymentPostprocessing = 0;
			shellPath = /bin/sh;
			shellScript = "diff \"${PODS_ROOT}/../Podfile.lock\" \"${PODS_ROOT}/Manifest.lock\" > /dev/null\nif [[ $? != 0 ]] ; then\n    cat << EOM\nerror: The sandbox is not in sync with the Podfile.lock. Run 'pod install' or update your CocoaPods installation.\nEOM\n    exit 1\nfi\n";
			showEnvVarsInLog = 0;
		};
		22206E0F17A43CE5005BAF22 /* ShellScript */ = {
			isa = PBXShellScriptBuildPhase;
			buildActionMask = 2147483647;
			files = (
			);
			inputPaths = (
			);
			outputPaths = (
			);
			runOnlyForDeploymentPostprocessing = 0;
			shellPath = /bin/sh;
			shellScript = "# Run the unit tests in this test bundle.\n\"${SYSTEM_DEVELOPER_DIR}/Tools/RunUnitTests\"\n";
		};
		54F5556390B244C7A30DE493 /* Copy Pods Resources */ = {
			isa = PBXShellScriptBuildPhase;
			buildActionMask = 2147483647;
			files = (
			);
			inputPaths = (
			);
			name = "Copy Pods Resources";
			outputPaths = (
			);
			runOnlyForDeploymentPostprocessing = 0;
			shellPath = /bin/sh;
			shellScript = "\"${SRCROOT}/Pods/Pods-resources.sh\"\n";
			showEnvVarsInLog = 0;
		};
		D672CB4367E34E25AF334FE2 /* Copy Pods Resources */ = {
			isa = PBXShellScriptBuildPhase;
			buildActionMask = 2147483647;
			files = (
			);
			inputPaths = (
			);
			name = "Copy Pods Resources";
			outputPaths = (
			);
			runOnlyForDeploymentPostprocessing = 0;
			shellPath = /bin/sh;
			shellScript = "\"${SRCROOT}/Pods/Pods-GuardPost-ObjectiveCTests-resources.sh\"\n";
			showEnvVarsInLog = 0;
		};
		FE11AB3D187B4833A3BB8FA6 /* Check Pods Manifest.lock */ = {
			isa = PBXShellScriptBuildPhase;
			buildActionMask = 2147483647;
			files = (
			);
			inputPaths = (
			);
			name = "Check Pods Manifest.lock";
			outputPaths = (
			);
			runOnlyForDeploymentPostprocessing = 0;
			shellPath = /bin/sh;
			shellScript = "diff \"${PODS_ROOT}/../Podfile.lock\" \"${PODS_ROOT}/Manifest.lock\" > /dev/null\nif [[ $? != 0 ]] ; then\n    cat << EOM\nerror: The sandbox is not in sync with the Podfile.lock. Run 'pod install' or update your CocoaPods installation.\nEOM\n    exit 1\nfi\n";
			showEnvVarsInLog = 0;
		};
/* End PBXShellScriptBuildPhase section */

/* Begin PBXSourcesBuildPhase section */
		22206DED17A43CE5005BAF22 /* Sources */ = {
			isa = PBXSourcesBuildPhase;
			buildActionMask = 2147483647;
			files = (
				22206E0117A43CE5005BAF22 /* main.m in Sources */,
				22206E0517A43CE5005BAF22 /* GPAppDelegate.m in Sources */,
				229DB7DE17A4509C00A3E688 /* GPGuardPost.m in Sources */,
				229DB7E117A4623000A3E688 /* GPMailgunClient.m in Sources */,
			);
			runOnlyForDeploymentPostprocessing = 0;
		};
		22206E0C17A43CE5005BAF22 /* Sources */ = {
			isa = PBXSourcesBuildPhase;
			buildActionMask = 2147483647;
			files = (
				22206E2017A43CE5005BAF22 /* GuardPost_ObjectiveCTests.m in Sources */,
				229DB7E417A47B9600A3E688 /* GPGuardPost+Testing.m in Sources */,
				229DB7E717A47BF200A3E688 /* GPMailgunClient+Testing.m in Sources */,
			);
			runOnlyForDeploymentPostprocessing = 0;
		};
/* End PBXSourcesBuildPhase section */

/* Begin PBXTargetDependency section */
		22206E1717A43CE5005BAF22 /* PBXTargetDependency */ = {
			isa = PBXTargetDependency;
			target = 22206DF017A43CE5005BAF22 /* GuardPost-ObjectiveC */;
			targetProxy = 22206E1617A43CE5005BAF22 /* PBXContainerItemProxy */;
		};
/* End PBXTargetDependency section */

/* Begin PBXVariantGroup section */
		22206DFD17A43CE5005BAF22 /* InfoPlist.strings */ = {
			isa = PBXVariantGroup;
			children = (
				22206DFE17A43CE5005BAF22 /* en */,
			);
			name = InfoPlist.strings;
			sourceTree = "<group>";
		};
		22206E1B17A43CE5005BAF22 /* InfoPlist.strings */ = {
			isa = PBXVariantGroup;
			children = (
				22206E1C17A43CE5005BAF22 /* en */,
			);
			name = InfoPlist.strings;
			sourceTree = "<group>";
		};
/* End PBXVariantGroup section */

/* Begin XCBuildConfiguration section */
		22206E2117A43CE5005BAF22 /* Debug */ = {
			isa = XCBuildConfiguration;
			buildSettings = {
				ALWAYS_SEARCH_USER_PATHS = NO;
				CLANG_CXX_LANGUAGE_STANDARD = "gnu++0x";
				CLANG_CXX_LIBRARY = "libc++";
				CLANG_ENABLE_OBJC_ARC = YES;
				CLANG_WARN_CONSTANT_CONVERSION = YES;
				CLANG_WARN_EMPTY_BODY = YES;
				CLANG_WARN_ENUM_CONVERSION = YES;
				CLANG_WARN_INT_CONVERSION = YES;
				CLANG_WARN__DUPLICATE_METHOD_MATCH = YES;
				"CODE_SIGN_IDENTITY[sdk=iphoneos*]" = "iPhone Developer";
				COPY_PHASE_STRIP = NO;
				GCC_C_LANGUAGE_STANDARD = gnu99;
				GCC_DYNAMIC_NO_PIC = NO;
				GCC_OPTIMIZATION_LEVEL = 0;
				GCC_PREPROCESSOR_DEFINITIONS = (
					"DEBUG=1",
					"$(inherited)",
				);
				GCC_SYMBOLS_PRIVATE_EXTERN = NO;
				GCC_WARN_ABOUT_RETURN_TYPE = YES;
				GCC_WARN_UNINITIALIZED_AUTOS = YES;
				GCC_WARN_UNUSED_VARIABLE = YES;
				IPHONEOS_DEPLOYMENT_TARGET = 6.1;
				ONLY_ACTIVE_ARCH = YES;
				SDKROOT = iphoneos;
				TARGETED_DEVICE_FAMILY = "1,2";
			};
			name = Debug;
		};
		22206E2217A43CE5005BAF22 /* Release */ = {
			isa = XCBuildConfiguration;
			buildSettings = {
				ALWAYS_SEARCH_USER_PATHS = NO;
				CLANG_CXX_LANGUAGE_STANDARD = "gnu++0x";
				CLANG_CXX_LIBRARY = "libc++";
				CLANG_ENABLE_OBJC_ARC = YES;
				CLANG_WARN_CONSTANT_CONVERSION = YES;
				CLANG_WARN_EMPTY_BODY = YES;
				CLANG_WARN_ENUM_CONVERSION = YES;
				CLANG_WARN_INT_CONVERSION = YES;
				CLANG_WARN__DUPLICATE_METHOD_MATCH = YES;
				"CODE_SIGN_IDENTITY[sdk=iphoneos*]" = "iPhone Developer";
				COPY_PHASE_STRIP = YES;
				GCC_C_LANGUAGE_STANDARD = gnu99;
				GCC_WARN_ABOUT_RETURN_TYPE = YES;
				GCC_WARN_UNINITIALIZED_AUTOS = YES;
				GCC_WARN_UNUSED_VARIABLE = YES;
				IPHONEOS_DEPLOYMENT_TARGET = 6.1;
				OTHER_CFLAGS = "-DNS_BLOCK_ASSERTIONS=1";
				SDKROOT = iphoneos;
				TARGETED_DEVICE_FAMILY = "1,2";
				VALIDATE_PRODUCT = YES;
			};
			name = Release;
		};
		22206E2417A43CE5005BAF22 /* Debug */ = {
			isa = XCBuildConfiguration;
			baseConfigurationReference = 2407B3D6F8AB48C0B6E84D97 /* Pods.xcconfig */;
			buildSettings = {
				GCC_PRECOMPILE_PREFIX_HEADER = YES;
				GCC_PREFIX_HEADER = "GuardPost-ObjectiveC/GuardPost-ObjectiveC-Prefix.pch";
				INFOPLIST_FILE = "GuardPost-ObjectiveC/GuardPost-ObjectiveC-Info.plist";
				PRODUCT_NAME = "$(TARGET_NAME)";
				WRAPPER_EXTENSION = app;
			};
			name = Debug;
		};
		22206E2517A43CE5005BAF22 /* Release */ = {
			isa = XCBuildConfiguration;
			baseConfigurationReference = 2407B3D6F8AB48C0B6E84D97 /* Pods.xcconfig */;
			buildSettings = {
				GCC_PRECOMPILE_PREFIX_HEADER = YES;
				GCC_PREFIX_HEADER = "GuardPost-ObjectiveC/GuardPost-ObjectiveC-Prefix.pch";
				INFOPLIST_FILE = "GuardPost-ObjectiveC/GuardPost-ObjectiveC-Info.plist";
				PRODUCT_NAME = "$(TARGET_NAME)";
				WRAPPER_EXTENSION = app;
			};
			name = Release;
		};
		22206E2717A43CE5005BAF22 /* Debug */ = {
			isa = XCBuildConfiguration;
			baseConfigurationReference = 508F5B2C965D409A92ACCDF8 /* Pods-GuardPost-ObjectiveCTests.xcconfig */;
			buildSettings = {
				BUNDLE_LOADER = "$(BUILT_PRODUCTS_DIR)/GuardPost-ObjectiveC.app/GuardPost-ObjectiveC";
				FRAMEWORK_SEARCH_PATHS = "$(inherited)";
				GCC_PRECOMPILE_PREFIX_HEADER = YES;
				GCC_PREFIX_HEADER = "GuardPost-ObjectiveC/GuardPost-ObjectiveC-Prefix.pch";
				INFOPLIST_FILE = "GuardPost-ObjectiveCTests/GuardPost-ObjectiveCTests-Info.plist";
				PRODUCT_NAME = "$(TARGET_NAME)";
				TEST_HOST = "$(BUNDLE_LOADER)";
				WRAPPER_EXTENSION = octest;
			};
			name = Debug;
		};
		22206E2817A43CE5005BAF22 /* Release */ = {
			isa = XCBuildConfiguration;
			baseConfigurationReference = 508F5B2C965D409A92ACCDF8 /* Pods-GuardPost-ObjectiveCTests.xcconfig */;
			buildSettings = {
				BUNDLE_LOADER = "$(BUILT_PRODUCTS_DIR)/GuardPost-ObjectiveC.app/GuardPost-ObjectiveC";
				FRAMEWORK_SEARCH_PATHS = "$(inherited)";
				GCC_PRECOMPILE_PREFIX_HEADER = YES;
				GCC_PREFIX_HEADER = "GuardPost-ObjectiveC/GuardPost-ObjectiveC-Prefix.pch";
				INFOPLIST_FILE = "GuardPost-ObjectiveCTests/GuardPost-ObjectiveCTests-Info.plist";
				PRODUCT_NAME = "$(TARGET_NAME)";
				TEST_HOST = "$(BUNDLE_LOADER)";
				WRAPPER_EXTENSION = octest;
			};
			name = Release;
		};
/* End XCBuildConfiguration section */

/* Begin XCConfigurationList section */
		22206DEC17A43CE5005BAF22 /* Build configuration list for PBXProject "GuardPost-ObjectiveC" */ = {
			isa = XCConfigurationList;
			buildConfigurations = (
				22206E2117A43CE5005BAF22 /* Debug */,
				22206E2217A43CE5005BAF22 /* Release */,
			);
			defaultConfigurationIsVisible = 0;
			defaultConfigurationName = Release;
		};
		22206E2317A43CE5005BAF22 /* Build configuration list for PBXNativeTarget "GuardPost-ObjectiveC" */ = {
			isa = XCConfigurationList;
			buildConfigurations = (
				22206E2417A43CE5005BAF22 /* Debug */,
				22206E2517A43CE5005BAF22 /* Release */,
			);
			defaultConfigurationIsVisible = 0;
			defaultConfigurationName = Release;
		};
		22206E2617A43CE5005BAF22 /* Build configuration list for PBXNativeTarget "GuardPost-ObjectiveCTests" */ = {
			isa = XCConfigurationList;
			buildConfigurations = (
				22206E2717A43CE5005BAF22 /* Debug */,
				22206E2817A43CE5005BAF22 /* Release */,
			);
			defaultConfigurationIsVisible = 0;
			defaultConfigurationName = Release;
		};
/* End XCConfigurationList section */
	};
	rootObject = 22206DE917A43CE5005BAF22 /* Project object */;
}
